
Microsoft Visual Studio Solution File, Format Version 12.00
# Visual Studio Version 17
VisualStudioVersion = 17.3.32819.101
MinimumVisualStudioVersion = 10.0.40219.1
Project("{FAE04EC0-301F-11D3-BF4B-00C04F79EFBC}") = "15.09.22", "15.09.22\15.09.22.csproj", "{7040D7BC-3F9C-413E-B631-DF06C7684596}"
EndProject
Global
	GlobalSection(SolutionConfigurationPlatforms) = preSolution
		Debug|Any CPU = Debug|Any CPU
		Release|Any CPU = Release|Any CPU
	EndGlobalSection
	GlobalSection(ProjectConfigurationPlatforms) = postSolution
		{7040D7BC-3F9C-413E-B631-DF06C7684596}.Debug|Any CPU.ActiveCfg = Debug|Any CPU
		{7040D7BC-3F9C-413E-B631-DF06C7684596}.Debug|Any CPU.Build.0 = Debug|Any CPU
		{7040D7BC-3F9C-413E-B631-DF06C7684596}.Release|Any CPU.ActiveCfg = Release|Any CPU
		{7040D7BC-3F9C-413E-B631-DF06C7684596}.Release|Any CPU.Build.0 = Release|Any CPU
	EndGlobalSection
	GlobalSection(SolutionProperties) = preSolution
		HideSolutionNode = FALSE
	EndGlobalSection
	GlobalSection(ExtensibilityGlobals) = postSolution
		SolutionGuid = {A70DF57C-B346-45F4-852B-EC7C35B53865}
	EndGlobalSection
EndGlobal
