
Microsoft Visual Studio Solution File, Format Version 12.00
# Visual Studio Version 17
VisualStudioVersion = 17.3.32819.101
MinimumVisualStudioVersion = 10.0.40219.1
Project("{FAE04EC0-301F-11D3-BF4B-00C04F79EFBC}") = "08.09.22", "08.09.22\08.09.22.csproj", "{4A28ECC9-C170-457E-BB6B-AF024F32B446}"
EndProject
Global
	GlobalSection(SolutionConfigurationPlatforms) = preSolution
		Debug|Any CPU = Debug|Any CPU
		Release|Any CPU = Release|Any CPU
	EndGlobalSection
	GlobalSection(ProjectConfigurationPlatforms) = postSolution
		{4A28ECC9-C170-457E-BB6B-AF024F32B446}.Debug|Any CPU.ActiveCfg = Debug|Any CPU
		{4A28ECC9-C170-457E-BB6B-AF024F32B446}.Debug|Any CPU.Build.0 = Debug|Any CPU
		{4A28ECC9-C170-457E-BB6B-AF024F32B446}.Release|Any CPU.ActiveCfg = Release|Any CPU
		{4A28ECC9-C170-457E-BB6B-AF024F32B446}.Release|Any CPU.Build.0 = Release|Any CPU
	EndGlobalSection
	GlobalSection(SolutionProperties) = preSolution
		HideSolutionNode = FALSE
	EndGlobalSection
	GlobalSection(ExtensibilityGlobals) = postSolution
		SolutionGuid = {6B9B66C3-22ED-4F24-A01C-8EF51D02FA24}
	EndGlobalSection
EndGlobal
