
Microsoft Visual Studio Solution File, Format Version 12.00
# Visual Studio Version 17
VisualStudioVersion = 17.3.32819.101
MinimumVisualStudioVersion = 10.0.40219.1
Project("{FAE04EC0-301F-11D3-BF4B-00C04F79EFBC}") = "WinFormsApp2", "WinFormsApp2\WinFormsApp2.csproj", "{05E3A6F5-FAE8-4480-85F5-BD5108A06382}"
EndProject
Global
	GlobalSection(SolutionConfigurationPlatforms) = preSolution
		Debug|Any CPU = Debug|Any CPU
		Release|Any CPU = Release|Any CPU
	EndGlobalSection
	GlobalSection(ProjectConfigurationPlatforms) = postSolution
		{05E3A6F5-FAE8-4480-85F5-BD5108A06382}.Debug|Any CPU.ActiveCfg = Debug|Any CPU
		{05E3A6F5-FAE8-4480-85F5-BD5108A06382}.Debug|Any CPU.Build.0 = Debug|Any CPU
		{05E3A6F5-FAE8-4480-85F5-BD5108A06382}.Release|Any CPU.ActiveCfg = Release|Any CPU
		{05E3A6F5-FAE8-4480-85F5-BD5108A06382}.Release|Any CPU.Build.0 = Release|Any CPU
	EndGlobalSection
	GlobalSection(SolutionProperties) = preSolution
		HideSolutionNode = FALSE
	EndGlobalSection
	GlobalSection(ExtensibilityGlobals) = postSolution
		SolutionGuid = {46AE1E30-14F6-4754-9E82-F4651507157E}
	EndGlobalSection
EndGlobal
